
Microsoft Visual Studio Solution File, Format Version 12.00
# Visual Studio Version 17
VisualStudioVersion = 17.3.32819.101
MinimumVisualStudioVersion = 10.0.40219.1
Project("{FAE04EC0-301F-11D3-BF4B-00C04F79EFBC}") = "ReactJsWithDotNetCore", "ReactJsWithDotNetCore\ReactJsWithDotNetCore.csproj", "{99EC60F8-0018-4879-91D5-5F11BA5E433A}"
EndProject
Global
	GlobalSection(SolutionConfigurationPlatforms) = preSolution
		Debug|Any CPU = Debug|Any CPU
		Release|Any CPU = Release|Any CPU
	EndGlobalSection
	GlobalSection(ProjectConfigurationPlatforms) = postSolution
		{99EC60F8-0018-4879-91D5-5F11BA5E433A}.Debug|Any CPU.ActiveCfg = Debug|Any CPU
		{99EC60F8-0018-4879-91D5-5F11BA5E433A}.Debug|Any CPU.Build.0 = Debug|Any CPU
		{99EC60F8-0018-4879-91D5-5F11BA5E433A}.Release|Any CPU.ActiveCfg = Release|Any CPU
		{99EC60F8-0018-4879-91D5-5F11BA5E433A}.Release|Any CPU.Build.0 = Release|Any CPU
	EndGlobalSection
	GlobalSection(SolutionProperties) = preSolution
		HideSolutionNode = FALSE
	EndGlobalSection
	GlobalSection(ExtensibilityGlobals) = postSolution
		SolutionGuid = {AC642109-F61C-4DC2-A74F-4C4D8A007FC2}
	EndGlobalSection
EndGlobal
